hash: b23afae58c2b6765f5355a90c3c9d4a87d8ce5433cbb1720bcd4f4fae5930a71
updated: 2019-08-16T18:11:04.431557124-03:00
imports:
- name: github.com/BurntSushi/toml
  version: 3012a1dbe2e4bd1391d42b32f0577cb7bbc7f005
- name: github.com/gocql/gocql
  version: f6df8288f9b44e66f50c9a59aee53a705c788dbe
- name: github.com/hailocab/go-hostpool
  version: e80d13ce29ede4452c43dea11e79b9bc8a15b478
- name: github.com/hashicorp/consul
  version: 501c22b5563935713596034d47a1cbdef1ec1904
  subpackages:
  - api
- name: github.com/jinzhu/gorm
  version: 836fb2c19d84dac7b0272958dfb9af7cf0d0ade4
- name: github.com/julienschmidt/httprouter
  version: 348b672cd90d8190f8240323e372ecd1e66b59dc
- name: github.com/lib/pq
  version: 4ded0e9383f75c197b3a2aaa6d590ac52df6fd79
- name: github.com/pborman/uuid
  version: adf5a7427709b9deb95d29d3fa8a2bf9cfd388f1
- name: github.com/robfig/cron
  version: b41be1df696709bb6395fe435af20370037c0b4c
- name: github.com/rs/cors
  version: 9a47f48565a795472d43519dd49aac781f3034fb
- name: github.com/samuel/go-zookeeper
  version: 3c104360edc8b46f85e0180ffaa01fdf3ff2c8a2
  subpackages:
  - zk
- name: github.com/uol/go-solr
  version: 88954f7f66307d572c5fc59d6ba31d19a0ca9888
  subpackages:
  - solr
- name: github.com/uol/serializer
  version: f74bb4c7343d59e2a4f14249426636ee53dab778
- name: go.uber.org/zap
  version: ff33455a0e382e8a81d14dd7c922020b6b5e7982
  subpackages:
  - zapcore
- name: gopkg.in/yaml.v2
  version: 51d6538a90f86fe93ac480b35f37b2be17fef232
testImports:
- name: github.com/stretchr/testify
  version: ""
  subpackages:
  - assert
